{
  "nodes": {
    "nixpkgs": {
      "locked": {
        "lastModified": 1727129439,
        "narHash": "sha256-nPyrcFm6FSk7CxzVW4x2hu62aLDghNcv9dX6DF3dXw8=",
        "owner": "nixos",
        "repo": "nixpkgs",
        "rev": "babc25a577c3310cce57c72d5bed70f4c3c3843a",
        "type": "github"
      },
      "original": {
        "owner": "nixos",
        "ref": "nixos-24.05",
        "repo": "nixpkgs",
        "type": "github"
      }
    },
    "nixpkgs-unstable": {
      "locked": {
        "lastModified": 1726937504,
        "narHash": "sha256-bvGoiQBvponpZh8ClUcmJ6QnsNKw0EMrCQJARK3bI1c=",
        "owner": "nixos",
        "repo": "nixpkgs",
        "rev": "9357f4f23713673f310988025d9dc261c20e70c6",
        "type": "github"
      },
      "original": {
        "owner": "nixos",
        "ref": "nixos-unstable",
        "repo": "nixpkgs",
        "type": "github"
      }
    },
    "nixpkgs23": {
      "locked": {
        "lastModified": 1704290814,
        "narHash": "sha256-LWvKHp7kGxk/GEtlrGYV68qIvPHkU9iToomNFGagixU=",
        "owner": "nixos",
        "repo": "nixpkgs",
        "rev": "70bdadeb94ffc8806c0570eb5c2695ad29f0e421",
        "type": "github"
      },
      "original": {
        "owner": "nixos",
        "ref": "nixos-23.05",
        "repo": "nixpkgs",
        "type": "github"
      }
    },
    "root": {
      "inputs": {
        "nixpkgs": "nixpkgs",
        "nixpkgs-unstable": "nixpkgs-unstable",
        "nixpkgs23": "nixpkgs23"
      }
    }
  },
  "root": "root",
  "version": 7
}
